
Microsoft Visual Studio Solution File, Format Version 12.00
# Visual Studio Version 17
VisualStudioVersion = 17.4.33213.308
MinimumVisualStudioVersion = 10.0.40219.1
Project("{9A19103F-16F7-4668-BE54-9A1E7A4F7556}") = "ComputeDuck", "ComputeDuck.csproj", "{0ADD8A5A-9907-4CBB-B847-F84ACFAF9AE7}"
	ProjectSection(ProjectDependencies) = postProject
		{9039828C-C5E1-429B-928B-927B7BEAB0A1} = {9039828C-C5E1-429B-928B-927B7BEAB0A1}
	EndProjectSection
EndProject
Project("{9A19103F-16F7-4668-BE54-9A1E7A4F7556}") = "libComputeDuck", "libComputeDuck\libComputeDuck.csproj", "{EBE03EE2-348B-4678-8EA0-09B22AD9E620}"
EndProject
Project("{9A19103F-16F7-4668-BE54-9A1E7A4F7556}") = "library-cdsdl2", "library-cdsdl2\library-cdsdl2.csproj", "{9039828C-C5E1-429B-928B-927B7BEAB0A1}"
EndProject
Global
	GlobalSection(SolutionConfigurationPlatforms) = preSolution
		Debug|Any CPU = Debug|Any CPU
		Release|Any CPU = Release|Any CPU
	EndGlobalSection
	GlobalSection(ProjectConfigurationPlatforms) = postSolution
		{0ADD8A5A-9907-4CBB-B847-F84ACFAF9AE7}.Debug|Any CPU.ActiveCfg = Debug|Any CPU
		{0ADD8A5A-9907-4CBB-B847-F84ACFAF9AE7}.Debug|Any CPU.Build.0 = Debug|Any CPU
		{0ADD8A5A-9907-4CBB-B847-F84ACFAF9AE7}.Release|Any CPU.ActiveCfg = Release|Any CPU
		{0ADD8A5A-9907-4CBB-B847-F84ACFAF9AE7}.Release|Any CPU.Build.0 = Release|Any CPU
		{EBE03EE2-348B-4678-8EA0-09B22AD9E620}.Debug|Any CPU.ActiveCfg = Debug|Any CPU
		{EBE03EE2-348B-4678-8EA0-09B22AD9E620}.Debug|Any CPU.Build.0 = Debug|Any CPU
		{EBE03EE2-348B-4678-8EA0-09B22AD9E620}.Release|Any CPU.ActiveCfg = Release|Any CPU
		{EBE03EE2-348B-4678-8EA0-09B22AD9E620}.Release|Any CPU.Build.0 = Release|Any CPU
		{9039828C-C5E1-429B-928B-927B7BEAB0A1}.Debug|Any CPU.ActiveCfg = Debug|Any CPU
		{9039828C-C5E1-429B-928B-927B7BEAB0A1}.Debug|Any CPU.Build.0 = Debug|Any CPU
		{9039828C-C5E1-429B-928B-927B7BEAB0A1}.Release|Any CPU.ActiveCfg = Release|Any CPU
		{9039828C-C5E1-429B-928B-927B7BEAB0A1}.Release|Any CPU.Build.0 = Release|Any CPU
	EndGlobalSection
	GlobalSection(SolutionProperties) = preSolution
		HideSolutionNode = FALSE
	EndGlobalSection
	GlobalSection(ExtensibilityGlobals) = postSolution
		SolutionGuid = {19B28911-7221-4859-9329-416C010F0942}
	EndGlobalSection
EndGlobal
